
Microsoft Visual Studio Solution File, Format Version 12.00
# Visual Studio Version 17
VisualStudioVersion = 17.10.34928.147
MinimumVisualStudioVersion = 10.0.40219.1
Project("{8BC9CEB8-8B4A-11D0-8D11-00A0C91BC942}") = "TestYaml", "TestYaml.vcxproj", "{25FAC00B-40F4-4413-8DA3-8C6F27113026}"
	ProjectSection(ProjectDependencies) = postProject
		{39A9CB6F-6F44-4205-A01B-555DB992A76E} = {39A9CB6F-6F44-4205-A01B-555DB992A76E}
		{820F1354-81C0-4A5E-B974-15CDD074A2B6} = {820F1354-81C0-4A5E-B974-15CDD074A2B6}
		{870179B1-71CE-4FE5-852E-2F251DAF23D9} = {870179B1-71CE-4FE5-852E-2F251DAF23D9}
		{A2A617B6-2015-48E9-BF8B-76E18FDC0043} = {A2A617B6-2015-48E9-BF8B-76E18FDC0043}
	EndProjectSection
EndProject
Project("{8BC9CEB8-8B4A-11D0-8D11-00A0C91BC942}") = "yaml", "..\yaml\yaml.vcxproj", "{870179B1-71CE-4FE5-852E-2F251DAF23D9}"
EndProject
Project("{8BC9CEB8-8B4A-11D0-8D11-00A0C91BC942}") = "File", "..\File\File.vcxproj", "{A2A617B6-2015-48E9-BF8B-76E18FDC0043}"
EndProject
Project("{8BC9CEB8-8B4A-11D0-8D11-00A0C91BC942}") = "Util", "..\Util\Util.vcxproj", "{39A9CB6F-6F44-4205-A01B-555DB992A76E}"
EndProject
Project("{8BC9CEB8-8B4A-11D0-8D11-00A0C91BC942}") = "WinUtil", "..\WinUtil\WinUtil.vcxproj", "{820F1354-81C0-4A5E-B974-15CDD074A2B6}"
EndProject
Global
	GlobalSection(SolutionConfigurationPlatforms) = preSolution
		Debug|x64 = Debug|x64
		Debug|x86 = Debug|x86
		Release|x64 = Release|x64
		Release|x86 = Release|x86
	EndGlobalSection
	GlobalSection(ProjectConfigurationPlatforms) = postSolution
		{25FAC00B-40F4-4413-8DA3-8C6F27113026}.Debug|x64.ActiveCfg = Debug|x64
		{25FAC00B-40F4-4413-8DA3-8C6F27113026}.Debug|x64.Build.0 = Debug|x64
		{25FAC00B-40F4-4413-8DA3-8C6F27113026}.Debug|x86.ActiveCfg = Debug|Win32
		{25FAC00B-40F4-4413-8DA3-8C6F27113026}.Debug|x86.Build.0 = Debug|Win32
		{25FAC00B-40F4-4413-8DA3-8C6F27113026}.Release|x64.ActiveCfg = Release|x64
		{25FAC00B-40F4-4413-8DA3-8C6F27113026}.Release|x64.Build.0 = Release|x64
		{25FAC00B-40F4-4413-8DA3-8C6F27113026}.Release|x86.ActiveCfg = Release|Win32
		{25FAC00B-40F4-4413-8DA3-8C6F27113026}.Release|x86.Build.0 = Release|Win32
		{870179B1-71CE-4FE5-852E-2F251DAF23D9}.Debug|x64.ActiveCfg = Debug|x64
		{870179B1-71CE-4FE5-852E-2F251DAF23D9}.Debug|x64.Build.0 = Debug|x64
		{870179B1-71CE-4FE5-852E-2F251DAF23D9}.Debug|x86.ActiveCfg = Debug|Win32
		{870179B1-71CE-4FE5-852E-2F251DAF23D9}.Debug|x86.Build.0 = Debug|Win32
		{870179B1-71CE-4FE5-852E-2F251DAF23D9}.Release|x64.ActiveCfg = Release|x64
		{870179B1-71CE-4FE5-852E-2F251DAF23D9}.Release|x64.Build.0 = Release|x64
		{870179B1-71CE-4FE5-852E-2F251DAF23D9}.Release|x86.ActiveCfg = Release|Win32
		{870179B1-71CE-4FE5-852E-2F251DAF23D9}.Release|x86.Build.0 = Release|Win32
		{A2A617B6-2015-48E9-BF8B-76E18FDC0043}.Debug|x64.ActiveCfg = Debug|x64
		{A2A617B6-2015-48E9-BF8B-76E18FDC0043}.Debug|x64.Build.0 = Debug|x64
		{A2A617B6-2015-48E9-BF8B-76E18FDC0043}.Debug|x86.ActiveCfg = Debug|Win32
		{A2A617B6-2015-48E9-BF8B-76E18FDC0043}.Debug|x86.Build.0 = Debug|Win32
		{A2A617B6-2015-48E9-BF8B-76E18FDC0043}.Release|x64.ActiveCfg = Release|x64
		{A2A617B6-2015-48E9-BF8B-76E18FDC0043}.Release|x64.Build.0 = Release|x64
		{A2A617B6-2015-48E9-BF8B-76E18FDC0043}.Release|x86.ActiveCfg = Release|Win32
		{A2A617B6-2015-48E9-BF8B-76E18FDC0043}.Release|x86.Build.0 = Release|Win32
		{39A9CB6F-6F44-4205-A01B-555DB992A76E}.Debug|x64.ActiveCfg = Debug|x64
		{39A9CB6F-6F44-4205-A01B-555DB992A76E}.Debug|x64.Build.0 = Debug|x64
		{39A9CB6F-6F44-4205-A01B-555DB992A76E}.Debug|x86.ActiveCfg = Debug|Win32
		{39A9CB6F-6F44-4205-A01B-555DB992A76E}.Debug|x86.Build.0 = Debug|Win32
		{39A9CB6F-6F44-4205-A01B-555DB992A76E}.Release|x64.ActiveCfg = Release|x64
		{39A9CB6F-6F44-4205-A01B-555DB992A76E}.Release|x64.Build.0 = Release|x64
		{39A9CB6F-6F44-4205-A01B-555DB992A76E}.Release|x86.ActiveCfg = Release|Win32
		{39A9CB6F-6F44-4205-A01B-555DB992A76E}.Release|x86.Build.0 = Release|Win32
		{820F1354-81C0-4A5E-B974-15CDD074A2B6}.Debug|x64.ActiveCfg = Debug|x64
		{820F1354-81C0-4A5E-B974-15CDD074A2B6}.Debug|x64.Build.0 = Debug|x64
		{820F1354-81C0-4A5E-B974-15CDD074A2B6}.Debug|x86.ActiveCfg = Debug|Win32
		{820F1354-81C0-4A5E-B974-15CDD074A2B6}.Debug|x86.Build.0 = Debug|Win32
		{820F1354-81C0-4A5E-B974-15CDD074A2B6}.Release|x64.ActiveCfg = Release|x64
		{820F1354-81C0-4A5E-B974-15CDD074A2B6}.Release|x64.Build.0 = Release|x64
		{820F1354-81C0-4A5E-B974-15CDD074A2B6}.Release|x86.ActiveCfg = Release|Win32
		{820F1354-81C0-4A5E-B974-15CDD074A2B6}.Release|x86.Build.0 = Release|Win32
	EndGlobalSection
	GlobalSection(SolutionProperties) = preSolution
		HideSolutionNode = FALSE
	EndGlobalSection
	GlobalSection(ExtensibilityGlobals) = postSolution
		SolutionGuid = {BD938482-D370-488B-B929-93BFC375053A}
	EndGlobalSection
EndGlobal
